
Microsoft Visual Studio Solution File, Format Version 12.00
# Visual Studio Version 16
VisualStudioVersion = 16.0.30413.136
MinimumVisualStudioVersion = 10.0.40219.1
Project("{FAE04EC0-301F-11D3-BF4B-00C04F79EFBC}") = "henthihinh", "henthihinh\henthihinh.csproj", "{D1EB588B-0A80-43F7-BEB7-DADE1A63D64A}"
EndProject
Global
	GlobalSection(SolutionConfigurationPlatforms) = preSolution
		Debug|Any CPU = Debug|Any CPU
		Release|Any CPU = Release|Any CPU
	EndGlobalSection
	GlobalSection(ProjectConfigurationPlatforms) = postSolution
		{D1EB588B-0A80-43F7-BEB7-DADE1A63D64A}.Debug|Any CPU.ActiveCfg = Debug|Any CPU
		{D1EB588B-0A80-43F7-BEB7-DADE1A63D64A}.Debug|Any CPU.Build.0 = Debug|Any CPU
		{D1EB588B-0A80-43F7-BEB7-DADE1A63D64A}.Release|Any CPU.ActiveCfg = Release|Any CPU
		{D1EB588B-0A80-43F7-BEB7-DADE1A63D64A}.Release|Any CPU.Build.0 = Release|Any CPU
	EndGlobalSection
	GlobalSection(SolutionProperties) = preSolution
		HideSolutionNode = FALSE
	EndGlobalSection
	GlobalSection(ExtensibilityGlobals) = postSolution
		SolutionGuid = {AAC51E52-4569-49A8-8A26-7531DC634BA7}
	EndGlobalSection
EndGlobal
